
Microsoft Visual Studio Solution File, Format Version 12.00
# Visual Studio Version 17
VisualStudioVersion = 17.6.33815.320
MinimumVisualStudioVersion = 10.0.40219.1
Project("{FAE04EC0-301F-11D3-BF4B-00C04F79EFBC}") = "AzureWithDotnet", "AzureWithDotnet\AzureWithDotnet.csproj", "{7E15A612-CC96-4069-9CDA-08DA610B5E15}"
EndProject
Global
	GlobalSection(SolutionConfigurationPlatforms) = preSolution
		Debug|Any CPU = Debug|Any CPU
		Release|Any CPU = Release|Any CPU
	EndGlobalSection
	GlobalSection(ProjectConfigurationPlatforms) = postSolution
		{7E15A612-CC96-4069-9CDA-08DA610B5E15}.Debug|Any CPU.ActiveCfg = Debug|Any CPU
		{7E15A612-CC96-4069-9CDA-08DA610B5E15}.Debug|Any CPU.Build.0 = Debug|Any CPU
		{7E15A612-CC96-4069-9CDA-08DA610B5E15}.Release|Any CPU.ActiveCfg = Release|Any CPU
		{7E15A612-CC96-4069-9CDA-08DA610B5E15}.Release|Any CPU.Build.0 = Release|Any CPU
	EndGlobalSection
	GlobalSection(SolutionProperties) = preSolution
		HideSolutionNode = FALSE
	EndGlobalSection
	GlobalSection(ExtensibilityGlobals) = postSolution
		SolutionGuid = {1C413906-ACAC-4911-814E-CBD34EA3C9A5}
	EndGlobalSection
EndGlobal
